<?xml version="1.0" encoding="utf-8"?>
<Project ToolsVersion="4.0" xmlns="http://schemas.microsoft.com/developer/msbuild/2003">
  <ItemGroup>
    <Filter Include="Source Files">
      <UniqueIdentifier>{4FC737F1-C7A5-4376-A066-2A32D752A2FF}</UniqueIdentifier>
      <Extensions>cpp;c;cc;cxx;c++;cppm;ixx;def;odl;idl;hpj;bat;asm;asmx</Extensions>
    </Filter>
    <Filter Include="Header Files">
      <UniqueIdentifier>{93995380-89BD-4b04-88EB-625FBE52EBFB}</UniqueIdentifier>
      <Extensions>h;hh;hpp;hxx;h++;hm;inl;inc;ipp;xsd</Extensions>
    </Filter>
    <Filter Include="Resource Files">
      <UniqueIdentifier>{67DA6AB6-F800-4c08-8B7A-83BB121AAD01}</UniqueIdentifier>
      <Extensions>rc;ico;cur;bmp;dlg;rc2;rct;bin;rgs;gif;jpg;jpeg;jpe;resx;tiff;tif;png;wav;mfcribbon-ms</Extensions>
    </Filter>
  </ItemGroup>
  <ItemGroup>
    <ClCompile Include="Main.cpp">
      <Filter>Source Files</Filter>
    </ClCompile>
  </ItemGroup>
  <ItemGroup>
    <ClInclude Include="DrawN.h">
      <Filter>Source Files</Filter>
    </ClInclude>
    <ClInclude Include="Bitmap.h">
      <Filter>Source Files</Filter>
    </ClInclude>
    <ClInclude Include="SDL_set_up.h">
      <Filter>Source Files</Filter>
    </ClInclude>
    <ClInclude Include="DrawO.h">
      <Filter>Source Files</Filter>
    </ClInclude>
    <ClInclude Include="DrawA.h">
      <Filter>Source Files</Filter>
    </ClInclude>
    <ClInclude Include="DrawB.h">
      <Filter>Source Files</Filter>
    </ClInclude>
    <ClInclude Include="DrawP.h">
      <Filter>Source Files</Filter>
    </ClInclude>
    <ClInclude Include="DrawI.h">
      <Filter>Source Files</Filter>
    </ClInclude>
    <ClInclude Include="DrawC.h">
      <Filter>Source Files</Filter>
    </ClInclude>
    <ClInclude Include="DrawD.h">
      <Filter>Source Files</Filter>
    </ClInclude>
    <ClInclude Include="DrawE.h">
      <Filter>Source Files</Filter>
    </ClInclude>
    <ClInclude Include="DrawF.h">
      <Filter>Source Files</Filter>
    </ClInclude>
    <ClInclude Include="DrawG.h">
      <Filter>Source Files</Filter>
    </ClInclude>
    <ClInclude Include="DrawH.h">
      <Filter>Source Files</Filter>
    </ClInclude>
    <ClInclude Include="DrawL.h">
      <Filter>Source Files</Filter>
    </ClInclude>
    <ClInclude Include="DrawT.h">
      <Filter>Source Files</Filter>
    </ClInclude>
    <ClInclude Include="DrawX.h">
      <Filter>Source Files</Filter>
    </ClInclude>
    <ClInclude Include="DrawK.h">
      <Filter>Source Files</Filter>
    </ClInclude>
    <ClInclude Include="DrawZ.h">
      <Filter>Source Files</Filter>
    </ClInclude>
    <ClInclude Include="DrawV.h">
      <Filter>Source Files</Filter>
    </ClInclude>
    <ClInclude Include="DrawW.h">
      <Filter>Source Files</Filter>
    </ClInclude>
    <ClInclude Include="DrawY.h">
      <Filter>Source Files</Filter>
    </ClInclude>
    <ClInclude Include="DrawU.h">
      <Filter>Source Files</Filter>
    </ClInclude>
    <ClInclude Include="DrawJ.h">
      <Filter>Source Files</Filter>
    </ClInclude>
    <ClInclude Include="DrawM.h">
      <Filter>Source Files</Filter>
    </ClInclude>
    <ClInclude Include="DrawQ.h">
      <Filter>Source Files</Filter>
    </ClInclude>
    <ClInclude Include="DrawR.h">
      <Filter>Source Files</Filter>
    </ClInclude>
    <ClInclude Include="DrawS.h">
      <Filter>Source Files</Filter>
    </ClInclude>
  </ItemGroup>
</Project>